{
  "version": 4,
  "terraform_version": "1.14.3",
  "serial": 9,
  "lineage": "d8092a24-286d-5253-ba18-c5f393f6220a",
  "outputs": {
    "config_file_path": {
      "value": "./output/webserver-prod.conf",
      "type": "string"
    },
    "greeting_file_path": {
      "value": "./output/hello.txt",
      "type": "string"
    },
    "summary": {
      "value": {
        "app": "webserver",
        "config_path": "./output/webserver-prod.conf",
        "environment": "prod",
        "port": 9090
      },
      "type": [
        "object",
        {
          "app": "string",
          "config_path": "string",
          "environment": "string",
          "port": "number"
        }
      ]
    }
  },
  "resources": [
    {
      "mode": "managed",
      "type": "local_file",
      "name": "config",
      "provider": "provider[\"registry.terraform.io/hashicorp/local\"]",
      "instances": [
        {
          "schema_version": 0,
          "attributes": {
            "content": "# webserver Configuration\r\n# Environment: prod\r\n# Genereeritud Terraformiga\r\n\r\nserver {\r\n  port = 9090\r\n  host = \"localhost\"\r\n  env  = \"prod\"\r\n}\r\n",
            "content_base64": null,
            "content_base64sha256": "PoLTf3yxiwcwhzkn+Z69B1bNgmBxBTri1AlmTuuVSw4=",
            "content_base64sha512": "34/pJs7z6PNX+FxD+Qql8/U8MyvticP9rfWuvd85H/uC6HWYVwkRE3yoEwTHobBJtTnRMTI9fe+FqJ49/Tkrfw==",
            "content_md5": "b1de2ba7c0336431f37319a361455bd6",
            "content_sha1": "549b560e5e00d2585ef74baca4c0b6e342578fc8",
            "content_sha256": "3e82d37f7cb18b0730873927f99ebd0756cd826071053ae2d409664eeb954b0e",
            "content_sha512": "df8fe926cef3e8f357f85c43f90aa5f3f53c332bed89c3fdadf5aebddf391ffb82e87598570911137ca81304c7a1b049b539d131323d7def85a89e3dfd392b7f",
            "directory_permission": "0777",
            "file_permission": "0777",
            "filename": "./output/webserver-prod.conf",
            "id": "549b560e5e00d2585ef74baca4c0b6e342578fc8",
            "sensitive_content": null,
            "source": null
          },
          "sensitive_attributes": [
            [
              {
                "type": "get_attr",
                "value": "sensitive_content"
              }
            ]
          ],
          "identity_schema_version": 0
        }
      ]
    },
    {
      "mode": "managed",
      "type": "local_file",
      "name": "greeting",
      "provider": "provider[\"registry.terraform.io/hashicorp/local\"]",
      "instances": [
        {
          "schema_version": 0,
          "attributes": {
            "content": "Tere tulemast webserver rakendusse!\r\nKeskkond: prod\r\nPort: 9090\r\n",
            "content_base64": null,
            "content_base64sha256": "K4MS2bvIeiaGk9FP1rg3LVUJFgrV4XuEjkljvKc/fcc=",
            "content_base64sha512": "E4GYIaePDga9NNaD1GG+qcyogja2/nm4yd/xengvz8qVWmY2yWNJTYcrU8nxYqdJlRXJuBTSbkx7jfNdH3MACQ==",
            "content_md5": "bb7343d7fb6ff073b481ada97de8638c",
            "content_sha1": "cc0513f366fb8f7e5fa120bb42b0fd3c14c0570f",
            "content_sha256": "2b8312d9bbc87a268693d14fd6b8372d5509160ad5e17b848e4963bca73f7dc7",
            "content_sha512": "13819821a78f0e06bd34d683d461bea9cca88236b6fe79b8c9dff17a782fcfca955a6636c963494d872b53c9f162a7499515c9b814d26e4c7b8df35d1f730009",
            "directory_permission": "0777",
            "file_permission": "0777",
            "filename": "./output/hello.txt",
            "id": "cc0513f366fb8f7e5fa120bb42b0fd3c14c0570f",
            "sensitive_content": null,
            "source": null
          },
          "sensitive_attributes": [
            [
              {
                "type": "get_attr",
                "value": "sensitive_content"
              }
            ]
          ],
          "identity_schema_version": 0
        }
      ]
    }
  ],
  "check_results": [
    {
      "object_kind": "var",
      "config_addr": "var.environment",
      "status": "pass",
      "objects": [
        {
          "object_addr": "var.environment",
          "status": "pass"
        }
      ]
    },
    {
      "object_kind": "var",
      "config_addr": "var.port",
      "status": "pass",
      "objects": [
        {
          "object_addr": "var.port",
          "status": "pass"
        }
      ]
    }
  ]
}
