{
  "version": 4,
  "terraform_version": "1.14.3",
  "serial": 6,
  "lineage": "1a1e4c1d-fa0b-c5f7-453a-ae17aa06c9ab",
  "outputs": {},
  "resources": [
    {
      "mode": "managed",
      "type": "local_file",
      "name": "config",
      "provider": "provider[\"registry.terraform.io/hashicorp/local\"]",
      "instances": [
        {
          "schema_version": 0,
          "attributes": {
            "content": "server {\r\n  port = 8080\r\n  host = \"localhost\"\r\n}\r\n",
            "content_base64": null,
            "content_base64sha256": "b5JueoioxL8P59N7+tAK9xYOphbAMjhrsGGz2B8Naq0=",
            "content_base64sha512": "4ZzAeSW/dB4qsNMgixu1dCD3vy5aTlpQFUWIoQT5szRIOCLubwZ6jPsollhGu3COWUtQJAoWg3tb0mS8DDodIA==",
            "content_md5": "9f7485646d17202349787ce718d9df45",
            "content_sha1": "35f3d03ff41d808134f9e47864939876a7dbf810",
            "content_sha256": "6f926e7a88a8c4bf0fe7d37bfad00af7160ea616c032386bb061b3d81f0d6aad",
            "content_sha512": "e19cc07925bf741e2ab0d3208b1bb57420f7bf2e5a4e5a50154588a104f9b334483822ee6f067a8cfb28965846bb708e594b50240a16837b5bd264bc0c3a1d20",
            "directory_permission": "0777",
            "file_permission": "0777",
            "filename": "./output/app.conf",
            "id": "35f3d03ff41d808134f9e47864939876a7dbf810",
            "sensitive_content": null,
            "source": null
          },
          "sensitive_attributes": [
            [
              {
                "type": "get_attr",
                "value": "sensitive_content"
              }
            ]
          ],
          "identity_schema_version": 0
        }
      ]
    },
    {
      "mode": "managed",
      "type": "local_file",
      "name": "greeting",
      "provider": "provider[\"registry.terraform.io/hashicorp/local\"]",
      "instances": [
        {
          "schema_version": 0,
          "attributes": {
            "content": "Tere, Terraform MUUDETUD!\nSee fail on loodud IaC-ga.\n",
            "content_base64": null,
            "content_base64sha256": "z8EQbE9hNYejojHiHawieHaQR3ZUv3lJqUDZGRVUP80=",
            "content_base64sha512": "obO+MmFqPheLP0UV0pqWADAGwWxcWZh1XWtJWCj548QnI2/0W5JJdcqOpfhHNNdFctgGDctdmrbDXs31w6KERQ==",
            "content_md5": "6d4a1e91e335f694cb8eb93046637fed",
            "content_sha1": "90ca83180396e277edb6bf3c72f5eb2f87cdf3e0",
            "content_sha256": "cfc1106c4f613587a3a231e21dac22787690477654bf7949a940d91915543fcd",
            "content_sha512": "a1b3be32616a3e178b3f4515d29a96003006c16c5c5998755d6b495828f9e3c427236ff45b924975ca8ea5f84734d74572d8060dcb5d9ab6c35ecdf5c3a28445",
            "directory_permission": "0777",
            "file_permission": "0777",
            "filename": "./output/hello.txt",
            "id": "90ca83180396e277edb6bf3c72f5eb2f87cdf3e0",
            "sensitive_content": null,
            "source": null
          },
          "sensitive_attributes": [
            [
              {
                "type": "get_attr",
                "value": "sensitive_content"
              }
            ]
          ],
          "identity_schema_version": 0
        }
      ]
    }
  ],
  "check_results": null
}
